// !$*UTF8*$!
{
	archiveVersion = 1;
	classes = {
	};
	objectVersion = 56;
	objects = {

/* Begin PBXBuildFile section */
		D660DD2A2C34B04D00A8BE60 /* LoginView.swift in Sources */ = {isa = PBXBuildFile; fileRef = D660DD292C34B04D00A8BE60 /* LoginView.swift */; };
		D660DD2F2C34B07A00A8BE60 /* MemberView.swift in Sources */ = {isa = PBXBuildFile; fileRef = D660DD2E2C34B07A00A8BE60 /* MemberView.swift */; };
		D660DD312C34B08900A8BE60 /* ChatView.swift in Sources */ = {isa = PBXBuildFile; fileRef = D660DD302C34B08900A8BE60 /* ChatView.swift */; };
		D660DD332C34B09F00A8BE60 /* MessageView.swift in Sources */ = {isa = PBXBuildFile; fileRef = D660DD322C34B09F00A8BE60 /* MessageView.swift */; };
		D660DD352C34B0AD00A8BE60 /* EmbedView.swift in Sources */ = {isa = PBXBuildFile; fileRef = D660DD342C34B0AD00A8BE60 /* EmbedView.swift */; };
		D660DD372C34B2B000A8BE60 /* TextBoxView.swift in Sources */ = {isa = PBXBuildFile; fileRef = D660DD362C34B2B000A8BE60 /* TextBoxView.swift */; };
		D660DD3A2C34B46300A8BE60 /* TailwindCSS-SwiftUI in Frameworks */ = {isa = PBXBuildFile; productRef = D660DD392C34B46300A8BE60 /* TailwindCSS-SwiftUI */; };
		D67C00C72C34C29400452841 /* Theme.swift in Sources */ = {isa = PBXBuildFile; fileRef = D67C00C62C34C29400452841 /* Theme.swift */; };
		D67C00C92C34C2BD00452841 /* Color+Hex.swift in Sources */ = {isa = PBXBuildFile; fileRef = D67C00C82C34C2BD00452841 /* Color+Hex.swift */; };
		D67C00CB2C34C41400452841 /* HomeView.swift in Sources */ = {isa = PBXBuildFile; fileRef = D67C00CA2C34C41400452841 /* HomeView.swift */; };
		D67C00CD2C34C43000452841 /* User.swift in Sources */ = {isa = PBXBuildFile; fileRef = D67C00CC2C34C43000452841 /* User.swift */; };
		D67C00D02C34C5D200452841 /* UserDTO.swift in Sources */ = {isa = PBXBuildFile; fileRef = D67C00CF2C34C5D200452841 /* UserDTO.swift */; };
		D67C00D22C34C88800452841 /* Chat.swift in Sources */ = {isa = PBXBuildFile; fileRef = D67C00D12C34C88800452841 /* Chat.swift */; };
		D67C00D42C34CBCB00452841 /* Message.swift in Sources */ = {isa = PBXBuildFile; fileRef = D67C00D32C34CBCB00452841 /* Message.swift */; };
		D67C00D82C34CFBE00452841 /* AppData.swift in Sources */ = {isa = PBXBuildFile; fileRef = D67C00D72C34CFBE00452841 /* AppData.swift */; };
		D67C00DA2C34D0EB00452841 /* ChatDTO.swift in Sources */ = {isa = PBXBuildFile; fileRef = D67C00D92C34D0EB00452841 /* ChatDTO.swift */; };
		D67C00DC2C34D1F600452841 /* MessageDTO.swift in Sources */ = {isa = PBXBuildFile; fileRef = D67C00DB2C34D1F600452841 /* MessageDTO.swift */; };
		D67C00DE2C34D8DA00452841 /* ChatNavbar.swift in Sources */ = {isa = PBXBuildFile; fileRef = D67C00DD2C34D8DA00452841 /* ChatNavbar.swift */; };
		D67C00E02C34DBCC00452841 /* ChatsView.swift in Sources */ = {isa = PBXBuildFile; fileRef = D67C00DF2C34DBCC00452841 /* ChatsView.swift */; };
		D67C00E22C350FD900452841 /* getTimeString.swift in Sources */ = {isa = PBXBuildFile; fileRef = D67C00E12C350FD900452841 /* getTimeString.swift */; };
		D67C00E42C3513BE00452841 /* checkGroup.swift in Sources */ = {isa = PBXBuildFile; fileRef = D67C00E32C3513BE00452841 /* checkGroup.swift */; };
		D67C00E62C3516D500452841 /* AddChatView.swift in Sources */ = {isa = PBXBuildFile; fileRef = D67C00E52C3516D500452841 /* AddChatView.swift */; };
		D67C00E92C3519A200452841 /* SocketConnectionManager.swift in Sources */ = {isa = PBXBuildFile; fileRef = D67C00E82C3519A200452841 /* SocketConnectionManager.swift */; };
		D67C00EB2C35D17600452841 /* ChatCard.swift in Sources */ = {isa = PBXBuildFile; fileRef = D67C00EA2C35D17600452841 /* ChatCard.swift */; };
		D67C00ED2C365CB700452841 /* BorderExtension.swift in Sources */ = {isa = PBXBuildFile; fileRef = D67C00EC2C365CB700452841 /* BorderExtension.swift */; };
		D67C00EF2C37047900452841 /* defaults.swift in Sources */ = {isa = PBXBuildFile; fileRef = D67C00EE2C37047900452841 /* defaults.swift */; };
		D67C00F12C370BF500452841 /* SlideOverView.swift in Sources */ = {isa = PBXBuildFile; fileRef = D67C00F02C370BF500452841 /* SlideOverView.swift */; };
		D67C00F32C3713E800452841 /* detectSwipeDirection.swift in Sources */ = {isa = PBXBuildFile; fileRef = D67C00F22C3713E800452841 /* detectSwipeDirection.swift */; };
		D67C00F52C371FA000452841 /* ChatsNavbar.swift in Sources */ = {isa = PBXBuildFile; fileRef = D67C00F42C371FA000452841 /* ChatsNavbar.swift */; };
		D67C00F92C37495D00452841 /* appstore.png in Resources */ = {isa = PBXBuildFile; fileRef = D67C00F62C37495D00452841 /* appstore.png */; };
		D67C00FB2C37495D00452841 /* playstore.png in Resources */ = {isa = PBXBuildFile; fileRef = D67C00F82C37495D00452841 /* playstore.png */; };
		D67C00FE2C374F8400452841 /* CachedAsyncImage in Frameworks */ = {isa = PBXBuildFile; productRef = D67C00FD2C374F8400452841 /* CachedAsyncImage */; };
		D67C01002C387EDD00452841 /* MemberCard.swift in Sources */ = {isa = PBXBuildFile; fileRef = D67C00FF2C387EDD00452841 /* MemberCard.swift */; };
		D67C01022C38850B00452841 /* APIManager.swift in Sources */ = {isa = PBXBuildFile; fileRef = D67C01012C38850B00452841 /* APIManager.swift */; };
		D67C01052C38985A00452841 /* GoogleSignIn in Frameworks */ = {isa = PBXBuildFile; productRef = D67C01042C38985A00452841 /* GoogleSignIn */; };
		D67C01072C38985A00452841 /* GoogleSignInSwift in Frameworks */ = {isa = PBXBuildFile; productRef = D67C01062C38985A00452841 /* GoogleSignInSwift */; };
		D67C010A2C389AC200452841 /* appDelegate.swift in Sources */ = {isa = PBXBuildFile; fileRef = D67C01092C389AC200452841 /* appDelegate.swift */; };
		D67C010C2C38AB6000452841 /* SocketIO in Frameworks */ = {isa = PBXBuildFile; productRef = D67C010B2C38AB6000452841 /* SocketIO */; };
		D67C010E2C38B00000452841 /* generateSnowflake.swift in Sources */ = {isa = PBXBuildFile; fileRef = D67C010D2C38B00000452841 /* generateSnowflake.swift */; };
		D6ADF9232C34AFCF001DCE81 /* NextChatApp.swift in Sources */ = {isa = PBXBuildFile; fileRef = D6ADF9222C34AFCF001DCE81 /* NextChatApp.swift */; };
		D6ADF9252C34AFCF001DCE81 /* MainView.swift in Sources */ = {isa = PBXBuildFile; fileRef = D6ADF9242C34AFCF001DCE81 /* MainView.swift */; };
		D6ADF9292C34AFD0001DCE81 /* Assets.xcassets in Resources */ = {isa = PBXBuildFile; fileRef = D6ADF9282C34AFD0001DCE81 /* Assets.xcassets */; };
		D6ADF92C2C34AFD0001DCE81 /* Preview Assets.xcassets in Resources */ = {isa = PBXBuildFile; fileRef = D6ADF92B2C34AFD0001DCE81 /* Preview Assets.xcassets */; };
		D6ADF9362C34AFD0001DCE81 /* Next_ChatTests.swift in Sources */ = {isa = PBXBuildFile; fileRef = D6ADF9352C34AFD0001DCE81 /* Next_ChatTests.swift */; };
		D6ADF9402C34AFD0001DCE81 /* Next_ChatUITests.swift in Sources */ = {isa = PBXBuildFile; fileRef = D6ADF93F2C34AFD0001DCE81 /* Next_ChatUITests.swift */; };
		D6ADF9422C34AFD0001DCE81 /* Next_ChatUITestsLaunchTests.swift in Sources */ = {isa = PBXBuildFile; fileRef = D6ADF9412C34AFD0001DCE81 /* Next_ChatUITestsLaunchTests.swift */; };
/* End PBXBuildFile section */

/* Begin PBXContainerItemProxy section */
		D6ADF9322C34AFD0001DCE81 /* PBXContainerItemProxy */ = {
			isa = PBXContainerItemProxy;
			containerPortal = D6ADF9172C34AFCF001DCE81 /* Project object */;
			proxyType = 1;
			remoteGlobalIDString = D6ADF91E2C34AFCF001DCE81;
			remoteInfo = "Next Chat";
		};
		D6ADF93C2C34AFD0001DCE81 /* PBXContainerItemProxy */ = {
			isa = PBXContainerItemProxy;
			containerPortal = D6ADF9172C34AFCF001DCE81 /* Project object */;
			proxyType = 1;
			remoteGlobalIDString = D6ADF91E2C34AFCF001DCE81;
			remoteInfo = "Next Chat";
		};
/* End PBXContainerItemProxy section */

/* Begin PBXFileReference section */
		D660DD292C34B04D00A8BE60 /* LoginView.swift */ = {isa = PBXFileReference; lastKnownFileType = sourcecode.swift; path = LoginView.swift; sourceTree = "<group>"; };
		D660DD2E2C34B07A00A8BE60 /* MemberView.swift */ = {isa = PBXFileReference; lastKnownFileType = sourcecode.swift; path = MemberView.swift; sourceTree = "<group>"; };
		D660DD302C34B08900A8BE60 /* ChatView.swift */ = {isa = PBXFileReference; lastKnownFileType = sourcecode.swift; path = ChatView.swift; sourceTree = "<group>"; };
		D660DD322C34B09F00A8BE60 /* MessageView.swift */ = {isa = PBXFileReference; lastKnownFileType = sourcecode.swift; path = MessageView.swift; sourceTree = "<group>"; };
		D660DD342C34B0AD00A8BE60 /* EmbedView.swift */ = {isa = PBXFileReference; lastKnownFileType = sourcecode.swift; path = EmbedView.swift; sourceTree = "<group>"; };
		D660DD362C34B2B000A8BE60 /* TextBoxView.swift */ = {isa = PBXFileReference; lastKnownFileType = sourcecode.swift; path = TextBoxView.swift; sourceTree = "<group>"; };
		D67C00C62C34C29400452841 /* Theme.swift */ = {isa = PBXFileReference; lastKnownFileType = sourcecode.swift; path = Theme.swift; sourceTree = "<group>"; };
		D67C00C82C34C2BD00452841 /* Color+Hex.swift */ = {isa = PBXFileReference; lastKnownFileType = sourcecode.swift; path = "Color+Hex.swift"; sourceTree = "<group>"; };
		D67C00CA2C34C41400452841 /* HomeView.swift */ = {isa = PBXFileReference; lastKnownFileType = sourcecode.swift; path = HomeView.swift; sourceTree = "<group>"; };
		D67C00CC2C34C43000452841 /* User.swift */ = {isa = PBXFileReference; lastKnownFileType = sourcecode.swift; path = User.swift; sourceTree = "<group>"; };
		D67C00CF2C34C5D200452841 /* UserDTO.swift */ = {isa = PBXFileReference; lastKnownFileType = sourcecode.swift; path = UserDTO.swift; sourceTree = "<group>"; };
		D67C00D12C34C88800452841 /* Chat.swift */ = {isa = PBXFileReference; lastKnownFileType = sourcecode.swift; path = Chat.swift; sourceTree = "<group>"; };
		D67C00D32C34CBCB00452841 /* Message.swift */ = {isa = PBXFileReference; lastKnownFileType = sourcecode.swift; path = Message.swift; sourceTree = "<group>"; };
		D67C00D72C34CFBE00452841 /* AppData.swift */ = {isa = PBXFileReference; lastKnownFileType = sourcecode.swift; path = AppData.swift; sourceTree = "<group>"; };
		D67C00D92C34D0EB00452841 /* ChatDTO.swift */ = {isa = PBXFileReference; lastKnownFileType = sourcecode.swift; path = ChatDTO.swift; sourceTree = "<group>"; };
		D67C00DB2C34D1F600452841 /* MessageDTO.swift */ = {isa = PBXFileReference; lastKnownFileType = sourcecode.swift; path = MessageDTO.swift; sourceTree = "<group>"; };
		D67C00DD2C34D8DA00452841 /* ChatNavbar.swift */ = {isa = PBXFileReference; lastKnownFileType = sourcecode.swift; path = ChatNavbar.swift; sourceTree = "<group>"; };
		D67C00DF2C34DBCC00452841 /* ChatsView.swift */ = {isa = PBXFileReference; lastKnownFileType = sourcecode.swift; path = ChatsView.swift; sourceTree = "<group>"; };
		D67C00E12C350FD900452841 /* getTimeString.swift */ = {isa = PBXFileReference; lastKnownFileType = sourcecode.swift; path = getTimeString.swift; sourceTree = "<group>"; };
		D67C00E32C3513BE00452841 /* checkGroup.swift */ = {isa = PBXFileReference; lastKnownFileType = sourcecode.swift; path = checkGroup.swift; sourceTree = "<group>"; };
		D67C00E52C3516D500452841 /* AddChatView.swift */ = {isa = PBXFileReference; lastKnownFileType = sourcecode.swift; path = AddChatView.swift; sourceTree = "<group>"; };
		D67C00E82C3519A200452841 /* SocketConnectionManager.swift */ = {isa = PBXFileReference; lastKnownFileType = sourcecode.swift; path = SocketConnectionManager.swift; sourceTree = "<group>"; };
		D67C00EA2C35D17600452841 /* ChatCard.swift */ = {isa = PBXFileReference; lastKnownFileType = sourcecode.swift; path = ChatCard.swift; sourceTree = "<group>"; };
		D67C00EC2C365CB700452841 /* BorderExtension.swift */ = {isa = PBXFileReference; lastKnownFileType = sourcecode.swift; path = BorderExtension.swift; sourceTree = "<group>"; };
		D67C00EE2C37047900452841 /* defaults.swift */ = {isa = PBXFileReference; lastKnownFileType = sourcecode.swift; path = defaults.swift; sourceTree = "<group>"; };
		D67C00F02C370BF500452841 /* SlideOverView.swift */ = {isa = PBXFileReference; lastKnownFileType = sourcecode.swift; path = SlideOverView.swift; sourceTree = "<group>"; };
		D67C00F22C3713E800452841 /* detectSwipeDirection.swift */ = {isa = PBXFileReference; lastKnownFileType = sourcecode.swift; path = detectSwipeDirection.swift; sourceTree = "<group>"; };
		D67C00F42C371FA000452841 /* ChatsNavbar.swift */ = {isa = PBXFileReference; lastKnownFileType = sourcecode.swift; path = ChatsNavbar.swift; sourceTree = "<group>"; };
		D67C00F62C37495D00452841 /* appstore.png */ = {isa = PBXFileReference; lastKnownFileType = image.png; name = appstore.png; path = "../../../Downloads/AppIcons-4/appstore.png"; sourceTree = "<group>"; };
		D67C00F82C37495D00452841 /* playstore.png */ = {isa = PBXFileReference; lastKnownFileType = image.png; name = playstore.png; path = "../../../Downloads/AppIcons-4/playstore.png"; sourceTree = "<group>"; };
		D67C00FF2C387EDD00452841 /* MemberCard.swift */ = {isa = PBXFileReference; lastKnownFileType = sourcecode.swift; path = MemberCard.swift; sourceTree = "<group>"; };
		D67C01012C38850B00452841 /* APIManager.swift */ = {isa = PBXFileReference; lastKnownFileType = sourcecode.swift; path = APIManager.swift; sourceTree = "<group>"; };
		D67C01082C38994C00452841 /* Next-Chat-Info.plist */ = {isa = PBXFileReference; lastKnownFileType = text.plist; path = "Next-Chat-Info.plist"; sourceTree = SOURCE_ROOT; };
		D67C01092C389AC200452841 /* appDelegate.swift */ = {isa = PBXFileReference; lastKnownFileType = sourcecode.swift; path = appDelegate.swift; sourceTree = "<group>"; };
		D67C010D2C38B00000452841 /* generateSnowflake.swift */ = {isa = PBXFileReference; lastKnownFileType = sourcecode.swift; path = generateSnowflake.swift; sourceTree = "<group>"; };
		D6ADF91F2C34AFCF001DCE81 /* Next Chat.app */ = {isa = PBXFileReference; explicitFileType = wrapper.application; includeInIndex = 0; path = "Next Chat.app"; sourceTree = BUILT_PRODUCTS_DIR; };
		D6ADF9222C34AFCF001DCE81 /* NextChatApp.swift */ = {isa = PBXFileReference; lastKnownFileType = sourcecode.swift; path = NextChatApp.swift; sourceTree = "<group>"; };
		D6ADF9242C34AFCF001DCE81 /* MainView.swift */ = {isa = PBXFileReference; lastKnownFileType = sourcecode.swift; path = MainView.swift; sourceTree = "<group>"; };
		D6ADF9282C34AFD0001DCE81 /* Assets.xcassets */ = {isa = PBXFileReference; lastKnownFileType = folder.assetcatalog; path = Assets.xcassets; sourceTree = "<group>"; };
		D6ADF92B2C34AFD0001DCE81 /* Preview Assets.xcassets */ = {isa = PBXFileReference; lastKnownFileType = folder.assetcatalog; path = "Preview Assets.xcassets"; sourceTree = "<group>"; };
		D6ADF9312C34AFD0001DCE81 /* Next ChatTests.xctest */ = {isa = PBXFileReference; explicitFileType = wrapper.cfbundle; includeInIndex = 0; path = "Next ChatTests.xctest"; sourceTree = BUILT_PRODUCTS_DIR; };
		D6ADF9352C34AFD0001DCE81 /* Next_ChatTests.swift */ = {isa = PBXFileReference; lastKnownFileType = sourcecode.swift; path = Next_ChatTests.swift; sourceTree = "<group>"; };
		D6ADF93B2C34AFD0001DCE81 /* Next ChatUITests.xctest */ = {isa = PBXFileReference; explicitFileType = wrapper.cfbundle; includeInIndex = 0; path = "Next ChatUITests.xctest"; sourceTree = BUILT_PRODUCTS_DIR; };
		D6ADF93F2C34AFD0001DCE81 /* Next_ChatUITests.swift */ = {isa = PBXFileReference; lastKnownFileType = sourcecode.swift; path = Next_ChatUITests.swift; sourceTree = "<group>"; };
		D6ADF9412C34AFD0001DCE81 /* Next_ChatUITestsLaunchTests.swift */ = {isa = PBXFileReference; lastKnownFileType = sourcecode.swift; path = Next_ChatUITestsLaunchTests.swift; sourceTree = "<group>"; };
/* End PBXFileReference section */

/* Begin PBXFrameworksBuildPhase section */
		D6ADF91C2C34AFCF001DCE81 /* Frameworks */ = {
			isa = PBXFrameworksBuildPhase;
			buildActionMask = 2147483647;
			files = (
				D660DD3A2C34B46300A8BE60 /* TailwindCSS-SwiftUI in Frameworks */,
				D67C00FE2C374F8400452841 /* CachedAsyncImage in Frameworks */,
				D67C01052C38985A00452841 /* GoogleSignIn in Frameworks */,
				D67C010C2C38AB6000452841 /* SocketIO in Frameworks */,
				D67C01072C38985A00452841 /* GoogleSignInSwift in Frameworks */,
			);
			runOnlyForDeploymentPostprocessing = 0;
		};
		D6ADF92E2C34AFD0001DCE81 /* Frameworks */ = {
			isa = PBXFrameworksBuildPhase;
			buildActionMask = 2147483647;
			files = (
			);
			runOnlyForDeploymentPostprocessing = 0;
		};
		D6ADF9382C34AFD0001DCE81 /* Frameworks */ = {
			isa = PBXFrameworksBuildPhase;
			buildActionMask = 2147483647;
			files = (
			);
			runOnlyForDeploymentPostprocessing = 0;
		};
/* End PBXFrameworksBuildPhase section */

/* Begin PBXGroup section */
		D660DD272C34B03200A8BE60 /* Models */ = {
			isa = PBXGroup;
			children = (
				D67C00CE2C34C5C600452841 /* DTOs */,
				D67C00CC2C34C43000452841 /* User.swift */,
				D67C00D12C34C88800452841 /* Chat.swift */,
				D67C00D32C34CBCB00452841 /* Message.swift */,
				D67C00D72C34CFBE00452841 /* AppData.swift */,
				D67C00EE2C37047900452841 /* defaults.swift */,
			);
			path = Models;
			sourceTree = "<group>";
		};
		D660DD282C34B03700A8BE60 /* Views */ = {
			isa = PBXGroup;
			children = (
				D660DD292C34B04D00A8BE60 /* LoginView.swift */,
				D660DD2E2C34B07A00A8BE60 /* MemberView.swift */,
				D660DD302C34B08900A8BE60 /* ChatView.swift */,
				D660DD322C34B09F00A8BE60 /* MessageView.swift */,
				D660DD342C34B0AD00A8BE60 /* EmbedView.swift */,
				D660DD362C34B2B000A8BE60 /* TextBoxView.swift */,
				D67C00CA2C34C41400452841 /* HomeView.swift */,
				D67C00DD2C34D8DA00452841 /* ChatNavbar.swift */,
				D67C00DF2C34DBCC00452841 /* ChatsView.swift */,
				D67C00E52C3516D500452841 /* AddChatView.swift */,
				D67C00EA2C35D17600452841 /* ChatCard.swift */,
				D67C00F02C370BF500452841 /* SlideOverView.swift */,
				D67C00F42C371FA000452841 /* ChatsNavbar.swift */,
				D67C00FF2C387EDD00452841 /* MemberCard.swift */,
			);
			path = Views;
			sourceTree = "<group>";
		};
		D67C00C52C34C28800452841 /* utils */ = {
			isa = PBXGroup;
			children = (
				D67C00C62C34C29400452841 /* Theme.swift */,
				D67C00C82C34C2BD00452841 /* Color+Hex.swift */,
				D67C00E12C350FD900452841 /* getTimeString.swift */,
				D67C00E32C3513BE00452841 /* checkGroup.swift */,
				D67C00E82C3519A200452841 /* SocketConnectionManager.swift */,
				D67C00EC2C365CB700452841 /* BorderExtension.swift */,
				D67C00F22C3713E800452841 /* detectSwipeDirection.swift */,
				D67C01012C38850B00452841 /* APIManager.swift */,
				D67C01092C389AC200452841 /* appDelegate.swift */,
				D67C010D2C38B00000452841 /* generateSnowflake.swift */,
			);
			path = utils;
			sourceTree = "<group>";
		};
		D67C00CE2C34C5C600452841 /* DTOs */ = {
			isa = PBXGroup;
			children = (
				D67C00CF2C34C5D200452841 /* UserDTO.swift */,
				D67C00D92C34D0EB00452841 /* ChatDTO.swift */,
				D67C00DB2C34D1F600452841 /* MessageDTO.swift */,
			);
			path = DTOs;
			sourceTree = "<group>";
		};
		D6ADF9162C34AFCF001DCE81 = {
			isa = PBXGroup;
			children = (
				D6ADF9212C34AFCF001DCE81 /* Next Chat */,
				D6ADF9342C34AFD0001DCE81 /* Next ChatTests */,
				D6ADF93E2C34AFD0001DCE81 /* Next ChatUITests */,
				D6ADF9202C34AFCF001DCE81 /* Products */,
			);
			sourceTree = "<group>";
		};
		D6ADF9202C34AFCF001DCE81 /* Products */ = {
			isa = PBXGroup;
			children = (
				D6ADF91F2C34AFCF001DCE81 /* Next Chat.app */,
				D6ADF9312C34AFD0001DCE81 /* Next ChatTests.xctest */,
				D6ADF93B2C34AFD0001DCE81 /* Next ChatUITests.xctest */,
			);
			name = Products;
			sourceTree = "<group>";
		};
		D6ADF9212C34AFCF001DCE81 /* Next Chat */ = {
			isa = PBXGroup;
			children = (
				D67C01082C38994C00452841 /* Next-Chat-Info.plist */,
				D67C00C52C34C28800452841 /* utils */,
				D660DD282C34B03700A8BE60 /* Views */,
				D660DD272C34B03200A8BE60 /* Models */,
				D6ADF9222C34AFCF001DCE81 /* NextChatApp.swift */,
				D6ADF9242C34AFCF001DCE81 /* MainView.swift */,
				D6ADF9282C34AFD0001DCE81 /* Assets.xcassets */,
				D67C00F62C37495D00452841 /* appstore.png */,
				D67C00F82C37495D00452841 /* playstore.png */,
				D6ADF92A2C34AFD0001DCE81 /* Preview Content */,
			);
			path = "Next Chat";
			sourceTree = "<group>";
		};
		D6ADF92A2C34AFD0001DCE81 /* Preview Content */ = {
			isa = PBXGroup;
			children = (
				D6ADF92B2C34AFD0001DCE81 /* Preview Assets.xcassets */,
			);
			path = "Preview Content";
			sourceTree = "<group>";
		};
		D6ADF9342C34AFD0001DCE81 /* Next ChatTests */ = {
			isa = PBXGroup;
			children = (
				D6ADF9352C34AFD0001DCE81 /* Next_ChatTests.swift */,
			);
			path = "Next ChatTests";
			sourceTree = "<group>";
		};
		D6ADF93E2C34AFD0001DCE81 /* Next ChatUITests */ = {
			isa = PBXGroup;
			children = (
				D6ADF93F2C34AFD0001DCE81 /* Next_ChatUITests.swift */,
				D6ADF9412C34AFD0001DCE81 /* Next_ChatUITestsLaunchTests.swift */,
			);
			path = "Next ChatUITests";
			sourceTree = "<group>";
		};
/* End PBXGroup section */

/* Begin PBXNativeTarget section */
		D6ADF91E2C34AFCF001DCE81 /* Next Chat */ = {
			isa = PBXNativeTarget;
			buildConfigurationList = D6ADF9452C34AFD0001DCE81 /* Build configuration list for PBXNativeTarget "Next Chat" */;
			buildPhases = (
				D6ADF91B2C34AFCF001DCE81 /* Sources */,
				D6ADF91C2C34AFCF001DCE81 /* Frameworks */,
				D6ADF91D2C34AFCF001DCE81 /* Resources */,
			);
			buildRules = (
			);
			dependencies = (
			);
			name = "Next Chat";
			packageProductDependencies = (
				D660DD392C34B46300A8BE60 /* TailwindCSS-SwiftUI */,
				D67C00FD2C374F8400452841 /* CachedAsyncImage */,
				D67C01042C38985A00452841 /* GoogleSignIn */,
				D67C01062C38985A00452841 /* GoogleSignInSwift */,
				D67C010B2C38AB6000452841 /* SocketIO */,
			);
			productName = "Next Chat";
			productReference = D6ADF91F2C34AFCF001DCE81 /* Next Chat.app */;
			productType = "com.apple.product-type.application";
		};
		D6ADF9302C34AFD0001DCE81 /* Next ChatTests */ = {
			isa = PBXNativeTarget;
			buildConfigurationList = D6ADF9482C34AFD0001DCE81 /* Build configuration list for PBXNativeTarget "Next ChatTests" */;
			buildPhases = (
				D6ADF92D2C34AFD0001DCE81 /* Sources */,
				D6ADF92E2C34AFD0001DCE81 /* Frameworks */,
				D6ADF92F2C34AFD0001DCE81 /* Resources */,
			);
			buildRules = (
			);
			dependencies = (
				D6ADF9332C34AFD0001DCE81 /* PBXTargetDependency */,
			);
			name = "Next ChatTests";
			productName = "Next ChatTests";
			productReference = D6ADF9312C34AFD0001DCE81 /* Next ChatTests.xctest */;
			productType = "com.apple.product-type.bundle.unit-test";
		};
		D6ADF93A2C34AFD0001DCE81 /* Next ChatUITests */ = {
			isa = PBXNativeTarget;
			buildConfigurationList = D6ADF94B2C34AFD0001DCE81 /* Build configuration list for PBXNativeTarget "Next ChatUITests" */;
			buildPhases = (
				D6ADF9372C34AFD0001DCE81 /* Sources */,
				D6ADF9382C34AFD0001DCE81 /* Frameworks */,
				D6ADF9392C34AFD0001DCE81 /* Resources */,
			);
			buildRules = (
			);
			dependencies = (
				D6ADF93D2C34AFD0001DCE81 /* PBXTargetDependency */,
			);
			name = "Next ChatUITests";
			productName = "Next ChatUITests";
			productReference = D6ADF93B2C34AFD0001DCE81 /* Next ChatUITests.xctest */;
			productType = "com.apple.product-type.bundle.ui-testing";
		};
/* End PBXNativeTarget section */

/* Begin PBXProject section */
		D6ADF9172C34AFCF001DCE81 /* Project object */ = {
			isa = PBXProject;
			attributes = {
				BuildIndependentTargetsInParallel = 1;
				LastSwiftUpdateCheck = 1540;
				LastUpgradeCheck = 1540;
				TargetAttributes = {
					D6ADF91E2C34AFCF001DCE81 = {
						CreatedOnToolsVersion = 15.4;
					};
					D6ADF9302C34AFD0001DCE81 = {
						CreatedOnToolsVersion = 15.4;
						TestTargetID = D6ADF91E2C34AFCF001DCE81;
					};
					D6ADF93A2C34AFD0001DCE81 = {
						CreatedOnToolsVersion = 15.4;
						TestTargetID = D6ADF91E2C34AFCF001DCE81;
					};
				};
			};
			buildConfigurationList = D6ADF91A2C34AFCF001DCE81 /* Build configuration list for PBXProject "Next Chat" */;
			compatibilityVersion = "Xcode 14.0";
			developmentRegion = en;
			hasScannedForEncodings = 0;
			knownRegions = (
				en,
				Base,
			);
			mainGroup = D6ADF9162C34AFCF001DCE81;
			packageReferences = (
				D660DD382C34B46300A8BE60 /* XCRemoteSwiftPackageReference "TailwindCSS-SwiftUI" */,
				D67C00E72C35191B00452841 /* XCRemoteSwiftPackageReference "socket" */,
				D67C00FC2C374F3000452841 /* XCRemoteSwiftPackageReference "swiftui-cached-async-image" */,
				D67C01032C38984400452841 /* XCRemoteSwiftPackageReference "GoogleSignIn-iOS" */,
			);
			productRefGroup = D6ADF9202C34AFCF001DCE81 /* Products */;
			projectDirPath = "";
			projectRoot = "";
			targets = (
				D6ADF91E2C34AFCF001DCE81 /* Next Chat */,
				D6ADF9302C34AFD0001DCE81 /* Next ChatTests */,
				D6ADF93A2C34AFD0001DCE81 /* Next ChatUITests */,
			);
		};
/* End PBXProject section */

/* Begin PBXResourcesBuildPhase section */
		D6ADF91D2C34AFCF001DCE81 /* Resources */ = {
			isa = PBXResourcesBuildPhase;
			buildActionMask = 2147483647;
			files = (
				D6ADF92C2C34AFD0001DCE81 /* Preview Assets.xcassets in Resources */,
				D67C00F92C37495D00452841 /* appstore.png in Resources */,
				D6ADF9292C34AFD0001DCE81 /* Assets.xcassets in Resources */,
				D67C00FB2C37495D00452841 /* playstore.png in Resources */,
			);
			runOnlyForDeploymentPostprocessing = 0;
		};
		D6ADF92F2C34AFD0001DCE81 /* Resources */ = {
			isa = PBXResourcesBuildPhase;
			buildActionMask = 2147483647;
			files = (
			);
			runOnlyForDeploymentPostprocessing = 0;
		};
		D6ADF9392C34AFD0001DCE81 /* Resources */ = {
			isa = PBXResourcesBuildPhase;
			buildActionMask = 2147483647;
			files = (
			);
			runOnlyForDeploymentPostprocessing = 0;
		};
/* End PBXResourcesBuildPhase section */

/* Begin PBXSourcesBuildPhase section */
		D6ADF91B2C34AFCF001DCE81 /* Sources */ = {
			isa = PBXSourcesBuildPhase;
			buildActionMask = 2147483647;
			files = (
				D67C01022C38850B00452841 /* APIManager.swift in Sources */,
				D6ADF9252C34AFCF001DCE81 /* MainView.swift in Sources */,
				D67C00CB2C34C41400452841 /* HomeView.swift in Sources */,
				D67C00D42C34CBCB00452841 /* Message.swift in Sources */,
				D67C00DE2C34D8DA00452841 /* ChatNavbar.swift in Sources */,
				D67C00D02C34C5D200452841 /* UserDTO.swift in Sources */,
				D67C00ED2C365CB700452841 /* BorderExtension.swift in Sources */,
				D67C00D22C34C88800452841 /* Chat.swift in Sources */,
				D67C00DA2C34D0EB00452841 /* ChatDTO.swift in Sources */,
				D67C010E2C38B00000452841 /* generateSnowflake.swift in Sources */,
				D67C00EF2C37047900452841 /* defaults.swift in Sources */,
				D67C010A2C389AC200452841 /* appDelegate.swift in Sources */,
				D67C00E62C3516D500452841 /* AddChatView.swift in Sources */,
				D660DD372C34B2B000A8BE60 /* TextBoxView.swift in Sources */,
				D67C00C72C34C29400452841 /* Theme.swift in Sources */,
				D67C00CD2C34C43000452841 /* User.swift in Sources */,
				D67C00E02C34DBCC00452841 /* ChatsView.swift in Sources */,
				D67C00DC2C34D1F600452841 /* MessageDTO.swift in Sources */,
				D67C00E42C3513BE00452841 /* checkGroup.swift in Sources */,
				D67C00F32C3713E800452841 /* detectSwipeDirection.swift in Sources */,
				D67C00C92C34C2BD00452841 /* Color+Hex.swift in Sources */,
				D67C00E22C350FD900452841 /* getTimeString.swift in Sources */,
				D67C00F12C370BF500452841 /* SlideOverView.swift in Sources */,
				D67C00E92C3519A200452841 /* SocketConnectionManager.swift in Sources */,
				D660DD2F2C34B07A00A8BE60 /* MemberView.swift in Sources */,
				D67C00EB2C35D17600452841 /* ChatCard.swift in Sources */,
				D660DD332C34B09F00A8BE60 /* MessageView.swift in Sources */,
				D660DD312C34B08900A8BE60 /* ChatView.swift in Sources */,
				D67C00F52C371FA000452841 /* ChatsNavbar.swift in Sources */,
				D660DD352C34B0AD00A8BE60 /* EmbedView.swift in Sources */,
				D660DD2A2C34B04D00A8BE60 /* LoginView.swift in Sources */,
				D6ADF9232C34AFCF001DCE81 /* NextChatApp.swift in Sources */,
				D67C00D82C34CFBE00452841 /* AppData.swift in Sources */,
				D67C01002C387EDD00452841 /* MemberCard.swift in Sources */,
			);
			runOnlyForDeploymentPostprocessing = 0;
		};
		D6ADF92D2C34AFD0001DCE81 /* Sources */ = {
			isa = PBXSourcesBuildPhase;
			buildActionMask = 2147483647;
			files = (
				D6ADF9362C34AFD0001DCE81 /* Next_ChatTests.swift in Sources */,
			);
			runOnlyForDeploymentPostprocessing = 0;
		};
		D6ADF9372C34AFD0001DCE81 /* Sources */ = {
			isa = PBXSourcesBuildPhase;
			buildActionMask = 2147483647;
			files = (
				D6ADF9402C34AFD0001DCE81 /* Next_ChatUITests.swift in Sources */,
				D6ADF9422C34AFD0001DCE81 /* Next_ChatUITestsLaunchTests.swift in Sources */,
			);
			runOnlyForDeploymentPostprocessing = 0;
		};
/* End PBXSourcesBuildPhase section */

/* Begin PBXTargetDependency section */
		D6ADF9332C34AFD0001DCE81 /* PBXTargetDependency */ = {
			isa = PBXTargetDependency;
			target = D6ADF91E2C34AFCF001DCE81 /* Next Chat */;
			targetProxy = D6ADF9322C34AFD0001DCE81 /* PBXContainerItemProxy */;
		};
		D6ADF93D2C34AFD0001DCE81 /* PBXTargetDependency */ = {
			isa = PBXTargetDependency;
			target = D6ADF91E2C34AFCF001DCE81 /* Next Chat */;
			targetProxy = D6ADF93C2C34AFD0001DCE81 /* PBXContainerItemProxy */;
		};
/* End PBXTargetDependency section */

/* Begin XCBuildConfiguration section */
		D6ADF9432C34AFD0001DCE81 /* Debug */ = {
			isa = XCBuildConfiguration;
			buildSettings = {
				ALWAYS_SEARCH_USER_PATHS = NO;
				ASSETCATALOG_COMPILER_GENERATE_SWIFT_ASSET_SYMBOL_EXTENSIONS = YES;
				CLANG_ANALYZER_NONNULL = YES;
				CLANG_ANALYZER_NUMBER_OBJECT_CONVERSION = YES_AGGRESSIVE;
				CLANG_CXX_LANGUAGE_STANDARD = "gnu++20";
				CLANG_ENABLE_MODULES = YES;
				CLANG_ENABLE_OBJC_ARC = YES;
				CLANG_ENABLE_OBJC_WEAK = YES;
				CLANG_WARN_BLOCK_CAPTURE_AUTORELEASING = YES;
				CLANG_WARN_BOOL_CONVERSION = YES;
				CLANG_WARN_COMMA = YES;
				CLANG_WARN_CONSTANT_CONVERSION = YES;
				CLANG_WARN_DEPRECATED_OBJC_IMPLEMENTATIONS = YES;
				CLANG_WARN_DIRECT_OBJC_ISA_USAGE = YES_ERROR;
				CLANG_WARN_DOCUMENTATION_COMMENTS = YES;
				CLANG_WARN_EMPTY_BODY = YES;
				CLANG_WARN_ENUM_CONVERSION = YES;
				CLANG_WARN_INFINITE_RECURSION = YES;
				CLANG_WARN_INT_CONVERSION = YES;
				CLANG_WARN_NON_LITERAL_NULL_CONVERSION = YES;
				CLANG_WARN_OBJC_IMPLICIT_RETAIN_SELF = YES;
				CLANG_WARN_OBJC_LITERAL_CONVERSION = YES;
				CLANG_WARN_OBJC_ROOT_CLASS = YES_ERROR;
				CLANG_WARN_QUOTED_INCLUDE_IN_FRAMEWORK_HEADER = YES;
				CLANG_WARN_RANGE_LOOP_ANALYSIS = YES;
				CLANG_WARN_STRICT_PROTOTYPES = YES;
				CLANG_WARN_SUSPICIOUS_MOVE = YES;
				CLANG_WARN_UNGUARDED_AVAILABILITY = YES_AGGRESSIVE;
				CLANG_WARN_UNREACHABLE_CODE = YES;
				CLANG_WARN__DUPLICATE_METHOD_MATCH = YES;
				COPY_PHASE_STRIP = NO;
				DEBUG_INFORMATION_FORMAT = dwarf;
				ENABLE_STRICT_OBJC_MSGSEND = YES;
				ENABLE_TESTABILITY = YES;
				ENABLE_USER_SCRIPT_SANDBOXING = YES;
				GCC_C_LANGUAGE_STANDARD = gnu17;
				GCC_DYNAMIC_NO_PIC = NO;
				GCC_NO_COMMON_BLOCKS = YES;
				GCC_OPTIMIZATION_LEVEL = 0;
				GCC_PREPROCESSOR_DEFINITIONS = (
					"DEBUG=1",
					"$(inherited)",
				);
				GCC_WARN_64_TO_32_BIT_CONVERSION = YES;
				GCC_WARN_ABOUT_RETURN_TYPE = YES_ERROR;
				GCC_WARN_UNDECLARED_SELECTOR = YES;
				GCC_WARN_UNINITIALIZED_AUTOS = YES_AGGRESSIVE;
				GCC_WARN_UNUSED_FUNCTION = YES;
				GCC_WARN_UNUSED_VARIABLE = YES;
				IPHONEOS_DEPLOYMENT_TARGET = 17.5;
				LOCALIZATION_PREFERS_STRING_CATALOGS = YES;
				MTL_ENABLE_DEBUG_INFO = INCLUDE_SOURCE;
				MTL_FAST_MATH = YES;
				ONLY_ACTIVE_ARCH = YES;
				SDKROOT = iphoneos;
				SWIFT_ACTIVE_COMPILATION_CONDITIONS = "DEBUG $(inherited)";
				SWIFT_OPTIMIZATION_LEVEL = "-Onone";
			};
			name = Debug;
		};
		D6ADF9442C34AFD0001DCE81 /* Release */ = {
			isa = XCBuildConfiguration;
			buildSettings = {
				ALWAYS_SEARCH_USER_PATHS = NO;
				ASSETCATALOG_COMPILER_GENERATE_SWIFT_ASSET_SYMBOL_EXTENSIONS = YES;
				CLANG_ANALYZER_NONNULL = YES;
				CLANG_ANALYZER_NUMBER_OBJECT_CONVERSION = YES_AGGRESSIVE;
				CLANG_CXX_LANGUAGE_STANDARD = "gnu++20";
				CLANG_ENABLE_MODULES = YES;
				CLANG_ENABLE_OBJC_ARC = YES;
				CLANG_ENABLE_OBJC_WEAK = YES;
				CLANG_WARN_BLOCK_CAPTURE_AUTORELEASING = YES;
				CLANG_WARN_BOOL_CONVERSION = YES;
				CLANG_WARN_COMMA = YES;
				CLANG_WARN_CONSTANT_CONVERSION = YES;
				CLANG_WARN_DEPRECATED_OBJC_IMPLEMENTATIONS = YES;
				CLANG_WARN_DIRECT_OBJC_ISA_USAGE = YES_ERROR;
				CLANG_WARN_DOCUMENTATION_COMMENTS = YES;
				CLANG_WARN_EMPTY_BODY = YES;
				CLANG_WARN_ENUM_CONVERSION = YES;
				CLANG_WARN_INFINITE_RECURSION = YES;
				CLANG_WARN_INT_CONVERSION = YES;
				CLANG_WARN_NON_LITERAL_NULL_CONVERSION = YES;
				CLANG_WARN_OBJC_IMPLICIT_RETAIN_SELF = YES;
				CLANG_WARN_OBJC_LITERAL_CONVERSION = YES;
				CLANG_WARN_OBJC_ROOT_CLASS = YES_ERROR;
				CLANG_WARN_QUOTED_INCLUDE_IN_FRAMEWORK_HEADER = YES;
				CLANG_WARN_RANGE_LOOP_ANALYSIS = YES;
				CLANG_WARN_STRICT_PROTOTYPES = YES;
				CLANG_WARN_SUSPICIOUS_MOVE = YES;
				CLANG_WARN_UNGUARDED_AVAILABILITY = YES_AGGRESSIVE;
				CLANG_WARN_UNREACHABLE_CODE = YES;
				CLANG_WARN__DUPLICATE_METHOD_MATCH = YES;
				COPY_PHASE_STRIP = NO;
				DEBUG_INFORMATION_FORMAT = "dwarf-with-dsym";
				ENABLE_NS_ASSERTIONS = NO;
				ENABLE_STRICT_OBJC_MSGSEND = YES;
				ENABLE_USER_SCRIPT_SANDBOXING = YES;
				GCC_C_LANGUAGE_STANDARD = gnu17;
				GCC_NO_COMMON_BLOCKS = YES;
				GCC_WARN_64_TO_32_BIT_CONVERSION = YES;
				GCC_WARN_ABOUT_RETURN_TYPE = YES_ERROR;
				GCC_WARN_UNDECLARED_SELECTOR = YES;
				GCC_WARN_UNINITIALIZED_AUTOS = YES_AGGRESSIVE;
				GCC_WARN_UNUSED_FUNCTION = YES;
				GCC_WARN_UNUSED_VARIABLE = YES;
				IPHONEOS_DEPLOYMENT_TARGET = 17.5;
				LOCALIZATION_PREFERS_STRING_CATALOGS = YES;
				MTL_ENABLE_DEBUG_INFO = NO;
				MTL_FAST_MATH = YES;
				SDKROOT = iphoneos;
				SWIFT_COMPILATION_MODE = wholemodule;
				VALIDATE_PRODUCT = YES;
			};
			name = Release;
		};
		D6ADF9462C34AFD0001DCE81 /* Debug */ = {
			isa = XCBuildConfiguration;
			buildSettings = {
				ASSETCATALOG_COMPILER_APPICON_NAME = AppIcon;
				ASSETCATALOG_COMPILER_GLOBAL_ACCENT_COLOR_NAME = AccentColor;
				CODE_SIGN_STYLE = Automatic;
				CURRENT_PROJECT_VERSION = 1;
				DEVELOPMENT_ASSET_PATHS = "\"Next Chat/Preview Content\"";
				DEVELOPMENT_TEAM = TRART5678Z;
				ENABLE_PREVIEWS = YES;
				GENERATE_INFOPLIST_FILE = YES;
				INFOPLIST_FILE = "Next-Chat-Info.plist";
				INFOPLIST_KEY_LSApplicationCategoryType = "";
				INFOPLIST_KEY_UIApplicationSceneManifest_Generation = YES;
				INFOPLIST_KEY_UIApplicationSupportsIndirectInputEvents = YES;
				INFOPLIST_KEY_UILaunchScreen_Generation = YES;
				INFOPLIST_KEY_UISupportedInterfaceOrientations_iPad = "UIInterfaceOrientationPortrait UIInterfaceOrientationPortraitUpsideDown UIInterfaceOrientationLandscapeLeft UIInterfaceOrientationLandscapeRight";
				INFOPLIST_KEY_UISupportedInterfaceOrientations_iPhone = "UIInterfaceOrientationPortrait UIInterfaceOrientationLandscapeLeft UIInterfaceOrientationLandscapeRight";
				LD_RUNPATH_SEARCH_PATHS = (
					"$(inherited)",
					"@executable_path/Frameworks",
				);
				MARKETING_VERSION = 1.0;
				PRODUCT_BUNDLE_IDENTIFIER = "neelparpia.Next-Chat";
				PRODUCT_NAME = "$(TARGET_NAME)";
				SWIFT_EMIT_LOC_STRINGS = YES;
				SWIFT_VERSION = 5.0;
				TARGETED_DEVICE_FAMILY = "1,2";
			};
			name = Debug;
		};
		D6ADF9472C34AFD0001DCE81 /* Release */ = {
			isa = XCBuildConfiguration;
			buildSettings = {
				ASSETCATALOG_COMPILER_APPICON_NAME = AppIcon;
				ASSETCATALOG_COMPILER_GLOBAL_ACCENT_COLOR_NAME = AccentColor;
				CODE_SIGN_STYLE = Automatic;
				CURRENT_PROJECT_VERSION = 1;
				DEVELOPMENT_ASSET_PATHS = "\"Next Chat/Preview Content\"";
				DEVELOPMENT_TEAM = TRART5678Z;
				ENABLE_PREVIEWS = YES;
				GENERATE_INFOPLIST_FILE = YES;
				INFOPLIST_FILE = "Next-Chat-Info.plist";
				INFOPLIST_KEY_LSApplicationCategoryType = "";
				INFOPLIST_KEY_UIApplicationSceneManifest_Generation = YES;
				INFOPLIST_KEY_UIApplicationSupportsIndirectInputEvents = YES;
				INFOPLIST_KEY_UILaunchScreen_Generation = YES;
				INFOPLIST_KEY_UISupportedInterfaceOrientations_iPad = "UIInterfaceOrientationPortrait UIInterfaceOrientationPortraitUpsideDown UIInterfaceOrientationLandscapeLeft UIInterfaceOrientationLandscapeRight";
				INFOPLIST_KEY_UISupportedInterfaceOrientations_iPhone = "UIInterfaceOrientationPortrait UIInterfaceOrientationLandscapeLeft UIInterfaceOrientationLandscapeRight";
				LD_RUNPATH_SEARCH_PATHS = (
					"$(inherited)",
					"@executable_path/Frameworks",
				);
				MARKETING_VERSION = 1.0;
				PRODUCT_BUNDLE_IDENTIFIER = "neelparpia.Next-Chat";
				PRODUCT_NAME = "$(TARGET_NAME)";
				SWIFT_EMIT_LOC_STRINGS = YES;
				SWIFT_VERSION = 5.0;
				TARGETED_DEVICE_FAMILY = "1,2";
			};
			name = Release;
		};
		D6ADF9492C34AFD0001DCE81 /* Debug */ = {
			isa = XCBuildConfiguration;
			buildSettings = {
				ALWAYS_EMBED_SWIFT_STANDARD_LIBRARIES = YES;
				BUNDLE_LOADER = "$(TEST_HOST)";
				CODE_SIGN_STYLE = Automatic;
				CURRENT_PROJECT_VERSION = 1;
				DEVELOPMENT_TEAM = TRART5678Z;
				GENERATE_INFOPLIST_FILE = YES;
				IPHONEOS_DEPLOYMENT_TARGET = 17.5;
				MARKETING_VERSION = 1.0;
				PRODUCT_BUNDLE_IDENTIFIER = "neelparpia.Next-ChatTests";
				PRODUCT_NAME = "$(TARGET_NAME)";
				SWIFT_EMIT_LOC_STRINGS = NO;
				SWIFT_VERSION = 5.0;
				TARGETED_DEVICE_FAMILY = "1,2";
				TEST_HOST = "$(BUILT_PRODUCTS_DIR)/Next Chat.app/$(BUNDLE_EXECUTABLE_FOLDER_PATH)/Next Chat";
			};
			name = Debug;
		};
		D6ADF94A2C34AFD0001DCE81 /* Release */ = {
			isa = XCBuildConfiguration;
			buildSettings = {
				ALWAYS_EMBED_SWIFT_STANDARD_LIBRARIES = YES;
				BUNDLE_LOADER = "$(TEST_HOST)";
				CODE_SIGN_STYLE = Automatic;
				CURRENT_PROJECT_VERSION = 1;
				DEVELOPMENT_TEAM = TRART5678Z;
				GENERATE_INFOPLIST_FILE = YES;
				IPHONEOS_DEPLOYMENT_TARGET = 17.5;
				MARKETING_VERSION = 1.0;
				PRODUCT_BUNDLE_IDENTIFIER = "neelparpia.Next-ChatTests";
				PRODUCT_NAME = "$(TARGET_NAME)";
				SWIFT_EMIT_LOC_STRINGS = NO;
				SWIFT_VERSION = 5.0;
				TARGETED_DEVICE_FAMILY = "1,2";
				TEST_HOST = "$(BUILT_PRODUCTS_DIR)/Next Chat.app/$(BUNDLE_EXECUTABLE_FOLDER_PATH)/Next Chat";
			};
			name = Release;
		};
		D6ADF94C2C34AFD0001DCE81 /* Debug */ = {
			isa = XCBuildConfiguration;
			buildSettings = {
				ALWAYS_EMBED_SWIFT_STANDARD_LIBRARIES = YES;
				CODE_SIGN_STYLE = Automatic;
				CURRENT_PROJECT_VERSION = 1;
				DEVELOPMENT_TEAM = TRART5678Z;
				GENERATE_INFOPLIST_FILE = YES;
				MARKETING_VERSION = 1.0;
				PRODUCT_BUNDLE_IDENTIFIER = "neelparpia.Next-ChatUITests";
				PRODUCT_NAME = "$(TARGET_NAME)";
				SWIFT_EMIT_LOC_STRINGS = NO;
				SWIFT_VERSION = 5.0;
				TARGETED_DEVICE_FAMILY = "1,2";
				TEST_TARGET_NAME = "Next Chat";
			};
			name = Debug;
		};
		D6ADF94D2C34AFD0001DCE81 /* Release */ = {
			isa = XCBuildConfiguration;
			buildSettings = {
				ALWAYS_EMBED_SWIFT_STANDARD_LIBRARIES = YES;
				CODE_SIGN_STYLE = Automatic;
				CURRENT_PROJECT_VERSION = 1;
				DEVELOPMENT_TEAM = TRART5678Z;
				GENERATE_INFOPLIST_FILE = YES;
				MARKETING_VERSION = 1.0;
				PRODUCT_BUNDLE_IDENTIFIER = "neelparpia.Next-ChatUITests";
				PRODUCT_NAME = "$(TARGET_NAME)";
				SWIFT_EMIT_LOC_STRINGS = NO;
				SWIFT_VERSION = 5.0;
				TARGETED_DEVICE_FAMILY = "1,2";
				TEST_TARGET_NAME = "Next Chat";
			};
			name = Release;
		};
/* End XCBuildConfiguration section */

/* Begin XCConfigurationList section */
		D6ADF91A2C34AFCF001DCE81 /* Build configuration list for PBXProject "Next Chat" */ = {
			isa = XCConfigurationList;
			buildConfigurations = (
				D6ADF9432C34AFD0001DCE81 /* Debug */,
				D6ADF9442C34AFD0001DCE81 /* Release */,
			);
			defaultConfigurationIsVisible = 0;
			defaultConfigurationName = Release;
		};
		D6ADF9452C34AFD0001DCE81 /* Build configuration list for PBXNativeTarget "Next Chat" */ = {
			isa = XCConfigurationList;
			buildConfigurations = (
				D6ADF9462C34AFD0001DCE81 /* Debug */,
				D6ADF9472C34AFD0001DCE81 /* Release */,
			);
			defaultConfigurationIsVisible = 0;
			defaultConfigurationName = Release;
		};
		D6ADF9482C34AFD0001DCE81 /* Build configuration list for PBXNativeTarget "Next ChatTests" */ = {
			isa = XCConfigurationList;
			buildConfigurations = (
				D6ADF9492C34AFD0001DCE81 /* Debug */,
				D6ADF94A2C34AFD0001DCE81 /* Release */,
			);
			defaultConfigurationIsVisible = 0;
			defaultConfigurationName = Release;
		};
		D6ADF94B2C34AFD0001DCE81 /* Build configuration list for PBXNativeTarget "Next ChatUITests" */ = {
			isa = XCConfigurationList;
			buildConfigurations = (
				D6ADF94C2C34AFD0001DCE81 /* Debug */,
				D6ADF94D2C34AFD0001DCE81 /* Release */,
			);
			defaultConfigurationIsVisible = 0;
			defaultConfigurationName = Release;
		};
/* End XCConfigurationList section */

/* Begin XCRemoteSwiftPackageReference section */
		D660DD382C34B46300A8BE60 /* XCRemoteSwiftPackageReference "TailwindCSS-SwiftUI" */ = {
			isa = XCRemoteSwiftPackageReference;
			repositoryURL = "https://github.com/joemasilotti/TailwindCSS-SwiftUI";
			requirement = {
				branch = main;
				kind = branch;
			};
		};
		D67C00E72C35191B00452841 /* XCRemoteSwiftPackageReference "socket" */ = {
			isa = XCRemoteSwiftPackageReference;
			repositoryURL = "https://github.com/socketio/socket.io-client-swift";
			requirement = {
				branch = master;
				kind = branch;
			};
		};
		D67C00FC2C374F3000452841 /* XCRemoteSwiftPackageReference "swiftui-cached-async-image" */ = {
			isa = XCRemoteSwiftPackageReference;
			repositoryURL = "https://github.com/lorenzofiamingo/swiftui-cached-async-image";
			requirement = {
				kind = upToNextMajorVersion;
				minimumVersion = 2.1.1;
			};
		};
		D67C01032C38984400452841 /* XCRemoteSwiftPackageReference "GoogleSignIn-iOS" */ = {
			isa = XCRemoteSwiftPackageReference;
			repositoryURL = "https://github.com/google/GoogleSignIn-iOS";
			requirement = {
				kind = upToNextMajorVersion;
				minimumVersion = 7.1.0;
			};
		};
/* End XCRemoteSwiftPackageReference section */

/* Begin XCSwiftPackageProductDependency section */
		D660DD392C34B46300A8BE60 /* TailwindCSS-SwiftUI */ = {
			isa = XCSwiftPackageProductDependency;
			package = D660DD382C34B46300A8BE60 /* XCRemoteSwiftPackageReference "TailwindCSS-SwiftUI" */;
			productName = "TailwindCSS-SwiftUI";
		};
		D67C00FD2C374F8400452841 /* CachedAsyncImage */ = {
			isa = XCSwiftPackageProductDependency;
			package = D67C00FC2C374F3000452841 /* XCRemoteSwiftPackageReference "swiftui-cached-async-image" */;
			productName = CachedAsyncImage;
		};
		D67C01042C38985A00452841 /* GoogleSignIn */ = {
			isa = XCSwiftPackageProductDependency;
			package = D67C01032C38984400452841 /* XCRemoteSwiftPackageReference "GoogleSignIn-iOS" */;
			productName = GoogleSignIn;
		};
		D67C01062C38985A00452841 /* GoogleSignInSwift */ = {
			isa = XCSwiftPackageProductDependency;
			package = D67C01032C38984400452841 /* XCRemoteSwiftPackageReference "GoogleSignIn-iOS" */;
			productName = GoogleSignInSwift;
		};
		D67C010B2C38AB6000452841 /* SocketIO */ = {
			isa = XCSwiftPackageProductDependency;
			package = D67C00E72C35191B00452841 /* XCRemoteSwiftPackageReference "socket" */;
			productName = SocketIO;
		};
/* End XCSwiftPackageProductDependency section */
	};
	rootObject = D6ADF9172C34AFCF001DCE81 /* Project object */;
}
