// !$*UTF8*$!
{
	archiveVersion = 1;
	classes = {
	};
	objectVersion = 56;
	objects = {

/* Begin PBXBuildFile section */
		D6ADF9232C34AFCF001DCE81 /* Next_ChatApp.swift in Sources */ = {isa = PBXBuildFile; fileRef = D6ADF9222C34AFCF001DCE81 /* Next_ChatApp.swift */; };
		D6ADF9252C34AFCF001DCE81 /* ContentView.swift in Sources */ = {isa = PBXBuildFile; fileRef = D6ADF9242C34AFCF001DCE81 /* ContentView.swift */; };
		D6ADF9272C34AFCF001DCE81 /* Item.swift in Sources */ = {isa = PBXBuildFile; fileRef = D6ADF9262C34AFCF001DCE81 /* Item.swift */; };
		D6ADF9292C34AFD0001DCE81 /* Assets.xcassets in Resources */ = {isa = PBXBuildFile; fileRef = D6ADF9282C34AFD0001DCE81 /* Assets.xcassets */; };
		D6ADF92C2C34AFD0001DCE81 /* Preview Assets.xcassets in Resources */ = {isa = PBXBuildFile; fileRef = D6ADF92B2C34AFD0001DCE81 /* Preview Assets.xcassets */; };
		D6ADF9362C34AFD0001DCE81 /* Next_ChatTests.swift in Sources */ = {isa = PBXBuildFile; fileRef = D6ADF9352C34AFD0001DCE81 /* Next_ChatTests.swift */; };
		D6ADF9402C34AFD0001DCE81 /* Next_ChatUITests.swift in Sources */ = {isa = PBXBuildFile; fileRef = D6ADF93F2C34AFD0001DCE81 /* Next_ChatUITests.swift */; };
		D6ADF9422C34AFD0001DCE81 /* Next_ChatUITestsLaunchTests.swift in Sources */ = {isa = PBXBuildFile; fileRef = D6ADF9412C34AFD0001DCE81 /* Next_ChatUITestsLaunchTests.swift */; };
/* End PBXBuildFile section */

/* Begin PBXContainerItemProxy section */
		D6ADF9322C34AFD0001DCE81 /* PBXContainerItemProxy */ = {
			isa = PBXContainerItemProxy;
			containerPortal = D6ADF9172C34AFCF001DCE81 /* Project object */;
			proxyType = 1;
			remoteGlobalIDString = D6ADF91E2C34AFCF001DCE81;
			remoteInfo = "Next Chat";
		};
		D6ADF93C2C34AFD0001DCE81 /* PBXContainerItemProxy */ = {
			isa = PBXContainerItemProxy;
			containerPortal = D6ADF9172C34AFCF001DCE81 /* Project object */;
			proxyType = 1;
			remoteGlobalIDString = D6ADF91E2C34AFCF001DCE81;
			remoteInfo = "Next Chat";
		};
/* End PBXContainerItemProxy section */

/* Begin PBXFileReference section */
		D6ADF91F2C34AFCF001DCE81 /* Next Chat.app */ = {isa = PBXFileReference; explicitFileType = wrapper.application; includeInIndex = 0; path = "Next Chat.app"; sourceTree = BUILT_PRODUCTS_DIR; };
		D6ADF9222C34AFCF001DCE81 /* Next_ChatApp.swift */ = {isa = PBXFileReference; lastKnownFileType = sourcecode.swift; path = Next_ChatApp.swift; sourceTree = "<group>"; };
		D6ADF9242C34AFCF001DCE81 /* ContentView.swift */ = {isa = PBXFileReference; lastKnownFileType = sourcecode.swift; path = ContentView.swift; sourceTree = "<group>"; };
		D6ADF9262C34AFCF001DCE81 /* Item.swift */ = {isa = PBXFileReference; lastKnownFileType = sourcecode.swift; path = Item.swift; sourceTree = "<group>"; };
		D6ADF9282C34AFD0001DCE81 /* Assets.xcassets */ = {isa = PBXFileReference; lastKnownFileType = folder.assetcatalog; path = Assets.xcassets; sourceTree = "<group>"; };
		D6ADF92B2C34AFD0001DCE81 /* Preview Assets.xcassets */ = {isa = PBXFileReference; lastKnownFileType = folder.assetcatalog; path = "Preview Assets.xcassets"; sourceTree = "<group>"; };
		D6ADF9312C34AFD0001DCE81 /* Next ChatTests.xctest */ = {isa = PBXFileReference; explicitFileType = wrapper.cfbundle; includeInIndex = 0; path = "Next ChatTests.xctest"; sourceTree = BUILT_PRODUCTS_DIR; };
		D6ADF9352C34AFD0001DCE81 /* Next_ChatTests.swift */ = {isa = PBXFileReference; lastKnownFileType = sourcecode.swift; path = Next_ChatTests.swift; sourceTree = "<group>"; };
		D6ADF93B2C34AFD0001DCE81 /* Next ChatUITests.xctest */ = {isa = PBXFileReference; explicitFileType = wrapper.cfbundle; includeInIndex = 0; path = "Next ChatUITests.xctest"; sourceTree = BUILT_PRODUCTS_DIR; };
		D6ADF93F2C34AFD0001DCE81 /* Next_ChatUITests.swift */ = {isa = PBXFileReference; lastKnownFileType = sourcecode.swift; path = Next_ChatUITests.swift; sourceTree = "<group>"; };
		D6ADF9412C34AFD0001DCE81 /* Next_ChatUITestsLaunchTests.swift */ = {isa = PBXFileReference; lastKnownFileType = sourcecode.swift; path = Next_ChatUITestsLaunchTests.swift; sourceTree = "<group>"; };
/* End PBXFileReference section */

/* Begin PBXFrameworksBuildPhase section */
		D6ADF91C2C34AFCF001DCE81 /* Frameworks */ = {
			isa = PBXFrameworksBuildPhase;
			buildActionMask = 2147483647;
			files = (
			);
			runOnlyForDeploymentPostprocessing = 0;
		};
		D6ADF92E2C34AFD0001DCE81 /* Frameworks */ = {
			isa = PBXFrameworksBuildPhase;
			buildActionMask = 2147483647;
			files = (
			);
			runOnlyForDeploymentPostprocessing = 0;
		};
		D6ADF9382C34AFD0001DCE81 /* Frameworks */ = {
			isa = PBXFrameworksBuildPhase;
			buildActionMask = 2147483647;
			files = (
			);
			runOnlyForDeploymentPostprocessing = 0;
		};
/* End PBXFrameworksBuildPhase section */

/* Begin PBXGroup section */
		D6ADF9162C34AFCF001DCE81 = {
			isa = PBXGroup;
			children = (
				D6ADF9212C34AFCF001DCE81 /* Next Chat */,
				D6ADF9342C34AFD0001DCE81 /* Next ChatTests */,
				D6ADF93E2C34AFD0001DCE81 /* Next ChatUITests */,
				D6ADF9202C34AFCF001DCE81 /* Products */,
			);
			sourceTree = "<group>";
		};
		D6ADF9202C34AFCF001DCE81 /* Products */ = {
			isa = PBXGroup;
			children = (
				D6ADF91F2C34AFCF001DCE81 /* Next Chat.app */,
				D6ADF9312C34AFD0001DCE81 /* Next ChatTests.xctest */,
				D6ADF93B2C34AFD0001DCE81 /* Next ChatUITests.xctest */,
			);
			name = Products;
			sourceTree = "<group>";
		};
		D6ADF9212C34AFCF001DCE81 /* Next Chat */ = {
			isa = PBXGroup;
			children = (
				D6ADF9222C34AFCF001DCE81 /* Next_ChatApp.swift */,
				D6ADF9242C34AFCF001DCE81 /* ContentView.swift */,
				D6ADF9262C34AFCF001DCE81 /* Item.swift */,
				D6ADF9282C34AFD0001DCE81 /* Assets.xcassets */,
				D6ADF92A2C34AFD0001DCE81 /* Preview Content */,
			);
			path = "Next Chat";
			sourceTree = "<group>";
		};
		D6ADF92A2C34AFD0001DCE81 /* Preview Content */ = {
			isa = PBXGroup;
			children = (
				D6ADF92B2C34AFD0001DCE81 /* Preview Assets.xcassets */,
			);
			path = "Preview Content";
			sourceTree = "<group>";
		};
		D6ADF9342C34AFD0001DCE81 /* Next ChatTests */ = {
			isa = PBXGroup;
			children = (
				D6ADF9352C34AFD0001DCE81 /* Next_ChatTests.swift */,
			);
			path = "Next ChatTests";
			sourceTree = "<group>";
		};
		D6ADF93E2C34AFD0001DCE81 /* Next ChatUITests */ = {
			isa = PBXGroup;
			children = (
				D6ADF93F2C34AFD0001DCE81 /* Next_ChatUITests.swift */,
				D6ADF9412C34AFD0001DCE81 /* Next_ChatUITestsLaunchTests.swift */,
			);
			path = "Next ChatUITests";
			sourceTree = "<group>";
		};
/* End PBXGroup section */

/* Begin PBXNativeTarget section */
		D6ADF91E2C34AFCF001DCE81 /* Next Chat */ = {
			isa = PBXNativeTarget;
			buildConfigurationList = D6ADF9452C34AFD0001DCE81 /* Build configuration list for PBXNativeTarget "Next Chat" */;
			buildPhases = (
				D6ADF91B2C34AFCF001DCE81 /* Sources */,
				D6ADF91C2C34AFCF001DCE81 /* Frameworks */,
				D6ADF91D2C34AFCF001DCE81 /* Resources */,
			);
			buildRules = (
			);
			dependencies = (
			);
			name = "Next Chat";
			productName = "Next Chat";
			productReference = D6ADF91F2C34AFCF001DCE81 /* Next Chat.app */;
			productType = "com.apple.product-type.application";
		};
		D6ADF9302C34AFD0001DCE81 /* Next ChatTests */ = {
			isa = PBXNativeTarget;
			buildConfigurationList = D6ADF9482C34AFD0001DCE81 /* Build configuration list for PBXNativeTarget "Next ChatTests" */;
			buildPhases = (
				D6ADF92D2C34AFD0001DCE81 /* Sources */,
				D6ADF92E2C34AFD0001DCE81 /* Frameworks */,
				D6ADF92F2C34AFD0001DCE81 /* Resources */,
			);
			buildRules = (
			);
			dependencies = (
				D6ADF9332C34AFD0001DCE81 /* PBXTargetDependency */,
			);
			name = "Next ChatTests";
			productName = "Next ChatTests";
			productReference = D6ADF9312C34AFD0001DCE81 /* Next ChatTests.xctest */;
			productType = "com.apple.product-type.bundle.unit-test";
		};
		D6ADF93A2C34AFD0001DCE81 /* Next ChatUITests */ = {
			isa = PBXNativeTarget;
			buildConfigurationList = D6ADF94B2C34AFD0001DCE81 /* Build configuration list for PBXNativeTarget "Next ChatUITests" */;
			buildPhases = (
				D6ADF9372C34AFD0001DCE81 /* Sources */,
				D6ADF9382C34AFD0001DCE81 /* Frameworks */,
				D6ADF9392C34AFD0001DCE81 /* Resources */,
			);
			buildRules = (
			);
			dependencies = (
				D6ADF93D2C34AFD0001DCE81 /* PBXTargetDependency */,
			);
			name = "Next ChatUITests";
			productName = "Next ChatUITests";
			productReference = D6ADF93B2C34AFD0001DCE81 /* Next ChatUITests.xctest */;
			productType = "com.apple.product-type.bundle.ui-testing";
		};
/* End PBXNativeTarget section */

/* Begin PBXProject section */
		D6ADF9172C34AFCF001DCE81 /* Project object */ = {
			isa = PBXProject;
			attributes = {
				BuildIndependentTargetsInParallel = 1;
				LastSwiftUpdateCheck = 1540;
				LastUpgradeCheck = 1540;
				TargetAttributes = {
					D6ADF91E2C34AFCF001DCE81 = {
						CreatedOnToolsVersion = 15.4;
					};
					D6ADF9302C34AFD0001DCE81 = {
						CreatedOnToolsVersion = 15.4;
						TestTargetID = D6ADF91E2C34AFCF001DCE81;
					};
					D6ADF93A2C34AFD0001DCE81 = {
						CreatedOnToolsVersion = 15.4;
						TestTargetID = D6ADF91E2C34AFCF001DCE81;
					};
				};
			};
			buildConfigurationList = D6ADF91A2C34AFCF001DCE81 /* Build configuration list for PBXProject "Next Chat" */;
			compatibilityVersion = "Xcode 14.0";
			developmentRegion = en;
			hasScannedForEncodings = 0;
			knownRegions = (
				en,
				Base,
			);
			mainGroup = D6ADF9162C34AFCF001DCE81;
			productRefGroup = D6ADF9202C34AFCF001DCE81 /* Products */;
			projectDirPath = "";
			projectRoot = "";
			targets = (
				D6ADF91E2C34AFCF001DCE81 /* Next Chat */,
				D6ADF9302C34AFD0001DCE81 /* Next ChatTests */,
				D6ADF93A2C34AFD0001DCE81 /* Next ChatUITests */,
			);
		};
/* End PBXProject section */

/* Begin PBXResourcesBuildPhase section */
		D6ADF91D2C34AFCF001DCE81 /* Resources */ = {
			isa = PBXResourcesBuildPhase;
			buildActionMask = 2147483647;
			files = (
				D6ADF92C2C34AFD0001DCE81 /* Preview Assets.xcassets in Resources */,
				D6ADF9292C34AFD0001DCE81 /* Assets.xcassets in Resources */,
			);
			runOnlyForDeploymentPostprocessing = 0;
		};
		D6ADF92F2C34AFD0001DCE81 /* Resources */ = {
			isa = PBXResourcesBuildPhase;
			buildActionMask = 2147483647;
			files = (
			);
			runOnlyForDeploymentPostprocessing = 0;
		};
		D6ADF9392C34AFD0001DCE81 /* Resources */ = {
			isa = PBXResourcesBuildPhase;
			buildActionMask = 2147483647;
			files = (
			);
			runOnlyForDeploymentPostprocessing = 0;
		};
/* End PBXResourcesBuildPhase section */

/* Begin PBXSourcesBuildPhase section */
		D6ADF91B2C34AFCF001DCE81 /* Sources */ = {
			isa = PBXSourcesBuildPhase;
			buildActionMask = 2147483647;
			files = (
				D6ADF9252C34AFCF001DCE81 /* ContentView.swift in Sources */,
				D6ADF9272C34AFCF001DCE81 /* Item.swift in Sources */,
				D6ADF9232C34AFCF001DCE81 /* Next_ChatApp.swift in Sources */,
			);
			runOnlyForDeploymentPostprocessing = 0;
		};
		D6ADF92D2C34AFD0001DCE81 /* Sources */ = {
			isa = PBXSourcesBuildPhase;
			buildActionMask = 2147483647;
			files = (
				D6ADF9362C34AFD0001DCE81 /* Next_ChatTests.swift in Sources */,
			);
			runOnlyForDeploymentPostprocessing = 0;
		};
		D6ADF9372C34AFD0001DCE81 /* Sources */ = {
			isa = PBXSourcesBuildPhase;
			buildActionMask = 2147483647;
			files = (
				D6ADF9402C34AFD0001DCE81 /* Next_ChatUITests.swift in Sources */,
				D6ADF9422C34AFD0001DCE81 /* Next_ChatUITestsLaunchTests.swift in Sources */,
			);
			runOnlyForDeploymentPostprocessing = 0;
		};
/* End PBXSourcesBuildPhase section */

/* Begin PBXTargetDependency section */
		D6ADF9332C34AFD0001DCE81 /* PBXTargetDependency */ = {
			isa = PBXTargetDependency;
			target = D6ADF91E2C34AFCF001DCE81 /* Next Chat */;
			targetProxy = D6ADF9322C34AFD0001DCE81 /* PBXContainerItemProxy */;
		};
		D6ADF93D2C34AFD0001DCE81 /* PBXTargetDependency */ = {
			isa = PBXTargetDependency;
			target = D6ADF91E2C34AFCF001DCE81 /* Next Chat */;
			targetProxy = D6ADF93C2C34AFD0001DCE81 /* PBXContainerItemProxy */;
		};
/* End PBXTargetDependency section */

/* Begin XCBuildConfiguration section */
		D6ADF9432C34AFD0001DCE81 /* Debug */ = {
			isa = XCBuildConfiguration;
			buildSettings = {
				ALWAYS_SEARCH_USER_PATHS = NO;
				ASSETCATALOG_COMPILER_GENERATE_SWIFT_ASSET_SYMBOL_EXTENSIONS = YES;
				CLANG_ANALYZER_NONNULL = YES;
				CLANG_ANALYZER_NUMBER_OBJECT_CONVERSION = YES_AGGRESSIVE;
				CLANG_CXX_LANGUAGE_STANDARD = "gnu++20";
				CLANG_ENABLE_MODULES = YES;
				CLANG_ENABLE_OBJC_ARC = YES;
				CLANG_ENABLE_OBJC_WEAK = YES;
				CLANG_WARN_BLOCK_CAPTURE_AUTORELEASING = YES;
				CLANG_WARN_BOOL_CONVERSION = YES;
				CLANG_WARN_COMMA = YES;
				CLANG_WARN_CONSTANT_CONVERSION = YES;
				CLANG_WARN_DEPRECATED_OBJC_IMPLEMENTATIONS = YES;
				CLANG_WARN_DIRECT_OBJC_ISA_USAGE = YES_ERROR;
				CLANG_WARN_DOCUMENTATION_COMMENTS = YES;
				CLANG_WARN_EMPTY_BODY = YES;
				CLANG_WARN_ENUM_CONVERSION = YES;
				CLANG_WARN_INFINITE_RECURSION = YES;
				CLANG_WARN_INT_CONVERSION = YES;
				CLANG_WARN_NON_LITERAL_NULL_CONVERSION = YES;
				CLANG_WARN_OBJC_IMPLICIT_RETAIN_SELF = YES;
				CLANG_WARN_OBJC_LITERAL_CONVERSION = YES;
				CLANG_WARN_OBJC_ROOT_CLASS = YES_ERROR;
				CLANG_WARN_QUOTED_INCLUDE_IN_FRAMEWORK_HEADER = YES;
				CLANG_WARN_RANGE_LOOP_ANALYSIS = YES;
				CLANG_WARN_STRICT_PROTOTYPES = YES;
				CLANG_WARN_SUSPICIOUS_MOVE = YES;
				CLANG_WARN_UNGUARDED_AVAILABILITY = YES_AGGRESSIVE;
				CLANG_WARN_UNREACHABLE_CODE = YES;
				CLANG_WARN__DUPLICATE_METHOD_MATCH = YES;
				COPY_PHASE_STRIP = NO;
				DEBUG_INFORMATION_FORMAT = dwarf;
				ENABLE_STRICT_OBJC_MSGSEND = YES;
				ENABLE_TESTABILITY = YES;
				ENABLE_USER_SCRIPT_SANDBOXING = YES;
				GCC_C_LANGUAGE_STANDARD = gnu17;
				GCC_DYNAMIC_NO_PIC = NO;
				GCC_NO_COMMON_BLOCKS = YES;
				GCC_OPTIMIZATION_LEVEL = 0;
				GCC_PREPROCESSOR_DEFINITIONS = (
					"DEBUG=1",
					"$(inherited)",
				);
				GCC_WARN_64_TO_32_BIT_CONVERSION = YES;
				GCC_WARN_ABOUT_RETURN_TYPE = YES_ERROR;
				GCC_WARN_UNDECLARED_SELECTOR = YES;
				GCC_WARN_UNINITIALIZED_AUTOS = YES_AGGRESSIVE;
				GCC_WARN_UNUSED_FUNCTION = YES;
				GCC_WARN_UNUSED_VARIABLE = YES;
				IPHONEOS_DEPLOYMENT_TARGET = 17.5;
				LOCALIZATION_PREFERS_STRING_CATALOGS = YES;
				MTL_ENABLE_DEBUG_INFO = INCLUDE_SOURCE;
				MTL_FAST_MATH = YES;
				ONLY_ACTIVE_ARCH = YES;
				SDKROOT = iphoneos;
				SWIFT_ACTIVE_COMPILATION_CONDITIONS = "DEBUG $(inherited)";
				SWIFT_OPTIMIZATION_LEVEL = "-Onone";
			};
			name = Debug;
		};
		D6ADF9442C34AFD0001DCE81 /* Release */ = {
			isa = XCBuildConfiguration;
			buildSettings = {
				ALWAYS_SEARCH_USER_PATHS = NO;
				ASSETCATALOG_COMPILER_GENERATE_SWIFT_ASSET_SYMBOL_EXTENSIONS = YES;
				CLANG_ANALYZER_NONNULL = YES;
				CLANG_ANALYZER_NUMBER_OBJECT_CONVERSION = YES_AGGRESSIVE;
				CLANG_CXX_LANGUAGE_STANDARD = "gnu++20";
				CLANG_ENABLE_MODULES = YES;
				CLANG_ENABLE_OBJC_ARC = YES;
				CLANG_ENABLE_OBJC_WEAK = YES;
				CLANG_WARN_BLOCK_CAPTURE_AUTORELEASING = YES;
				CLANG_WARN_BOOL_CONVERSION = YES;
				CLANG_WARN_COMMA = YES;
				CLANG_WARN_CONSTANT_CONVERSION = YES;
				CLANG_WARN_DEPRECATED_OBJC_IMPLEMENTATIONS = YES;
				CLANG_WARN_DIRECT_OBJC_ISA_USAGE = YES_ERROR;
				CLANG_WARN_DOCUMENTATION_COMMENTS = YES;
				CLANG_WARN_EMPTY_BODY = YES;
				CLANG_WARN_ENUM_CONVERSION = YES;
				CLANG_WARN_INFINITE_RECURSION = YES;
				CLANG_WARN_INT_CONVERSION = YES;
				CLANG_WARN_NON_LITERAL_NULL_CONVERSION = YES;
				CLANG_WARN_OBJC_IMPLICIT_RETAIN_SELF = YES;
				CLANG_WARN_OBJC_LITERAL_CONVERSION = YES;
				CLANG_WARN_OBJC_ROOT_CLASS = YES_ERROR;
				CLANG_WARN_QUOTED_INCLUDE_IN_FRAMEWORK_HEADER = YES;
				CLANG_WARN_RANGE_LOOP_ANALYSIS = YES;
				CLANG_WARN_STRICT_PROTOTYPES = YES;
				CLANG_WARN_SUSPICIOUS_MOVE = YES;
				CLANG_WARN_UNGUARDED_AVAILABILITY = YES_AGGRESSIVE;
				CLANG_WARN_UNREACHABLE_CODE = YES;
				CLANG_WARN__DUPLICATE_METHOD_MATCH = YES;
				COPY_PHASE_STRIP = NO;
				DEBUG_INFORMATION_FORMAT = "dwarf-with-dsym";
				ENABLE_NS_ASSERTIONS = NO;
				ENABLE_STRICT_OBJC_MSGSEND = YES;
				ENABLE_USER_SCRIPT_SANDBOXING = YES;
				GCC_C_LANGUAGE_STANDARD = gnu17;
				GCC_NO_COMMON_BLOCKS = YES;
				GCC_WARN_64_TO_32_BIT_CONVERSION = YES;
				GCC_WARN_ABOUT_RETURN_TYPE = YES_ERROR;
				GCC_WARN_UNDECLARED_SELECTOR = YES;
				GCC_WARN_UNINITIALIZED_AUTOS = YES_AGGRESSIVE;
				GCC_WARN_UNUSED_FUNCTION = YES;
				GCC_WARN_UNUSED_VARIABLE = YES;
				IPHONEOS_DEPLOYMENT_TARGET = 17.5;
				LOCALIZATION_PREFERS_STRING_CATALOGS = YES;
				MTL_ENABLE_DEBUG_INFO = NO;
				MTL_FAST_MATH = YES;
				SDKROOT = iphoneos;
				SWIFT_COMPILATION_MODE = wholemodule;
				VALIDATE_PRODUCT = YES;
			};
			name = Release;
		};
		D6ADF9462C34AFD0001DCE81 /* Debug */ = {
			isa = XCBuildConfiguration;
			buildSettings = {
				ASSETCATALOG_COMPILER_APPICON_NAME = AppIcon;
				ASSETCATALOG_COMPILER_GLOBAL_ACCENT_COLOR_NAME = AccentColor;
				CODE_SIGN_STYLE = Automatic;
				CURRENT_PROJECT_VERSION = 1;
				DEVELOPMENT_ASSET_PATHS = "\"Next Chat/Preview Content\"";
				DEVELOPMENT_TEAM = TRART5678Z;
				ENABLE_PREVIEWS = YES;
				GENERATE_INFOPLIST_FILE = YES;
				INFOPLIST_KEY_UIApplicationSceneManifest_Generation = YES;
				INFOPLIST_KEY_UIApplicationSupportsIndirectInputEvents = YES;
				INFOPLIST_KEY_UILaunchScreen_Generation = YES;
				INFOPLIST_KEY_UISupportedInterfaceOrientations_iPad = "UIInterfaceOrientationPortrait UIInterfaceOrientationPortraitUpsideDown UIInterfaceOrientationLandscapeLeft UIInterfaceOrientationLandscapeRight";
				INFOPLIST_KEY_UISupportedInterfaceOrientations_iPhone = "UIInterfaceOrientationPortrait UIInterfaceOrientationLandscapeLeft UIInterfaceOrientationLandscapeRight";
				LD_RUNPATH_SEARCH_PATHS = (
					"$(inherited)",
					"@executable_path/Frameworks",
				);
				MARKETING_VERSION = 1.0;
				PRODUCT_BUNDLE_IDENTIFIER = "neelparpia.Next-Chat";
				PRODUCT_NAME = "$(TARGET_NAME)";
				SWIFT_EMIT_LOC_STRINGS = YES;
				SWIFT_VERSION = 5.0;
				TARGETED_DEVICE_FAMILY = "1,2";
			};
			name = Debug;
		};
		D6ADF9472C34AFD0001DCE81 /* Release */ = {
			isa = XCBuildConfiguration;
			buildSettings = {
				ASSETCATALOG_COMPILER_APPICON_NAME = AppIcon;
				ASSETCATALOG_COMPILER_GLOBAL_ACCENT_COLOR_NAME = AccentColor;
				CODE_SIGN_STYLE = Automatic;
				CURRENT_PROJECT_VERSION = 1;
				DEVELOPMENT_ASSET_PATHS = "\"Next Chat/Preview Content\"";
				DEVELOPMENT_TEAM = TRART5678Z;
				ENABLE_PREVIEWS = YES;
				GENERATE_INFOPLIST_FILE = YES;
				INFOPLIST_KEY_UIApplicationSceneManifest_Generation = YES;
				INFOPLIST_KEY_UIApplicationSupportsIndirectInputEvents = YES;
				INFOPLIST_KEY_UILaunchScreen_Generation = YES;
				INFOPLIST_KEY_UISupportedInterfaceOrientations_iPad = "UIInterfaceOrientationPortrait UIInterfaceOrientationPortraitUpsideDown UIInterfaceOrientationLandscapeLeft UIInterfaceOrientationLandscapeRight";
				INFOPLIST_KEY_UISupportedInterfaceOrientations_iPhone = "UIInterfaceOrientationPortrait UIInterfaceOrientationLandscapeLeft UIInterfaceOrientationLandscapeRight";
				LD_RUNPATH_SEARCH_PATHS = (
					"$(inherited)",
					"@executable_path/Frameworks",
				);
				MARKETING_VERSION = 1.0;
				PRODUCT_BUNDLE_IDENTIFIER = "neelparpia.Next-Chat";
				PRODUCT_NAME = "$(TARGET_NAME)";
				SWIFT_EMIT_LOC_STRINGS = YES;
				SWIFT_VERSION = 5.0;
				TARGETED_DEVICE_FAMILY = "1,2";
			};
			name = Release;
		};
		D6ADF9492C34AFD0001DCE81 /* Debug */ = {
			isa = XCBuildConfiguration;
			buildSettings = {
				ALWAYS_EMBED_SWIFT_STANDARD_LIBRARIES = YES;
				BUNDLE_LOADER = "$(TEST_HOST)";
				CODE_SIGN_STYLE = Automatic;
				CURRENT_PROJECT_VERSION = 1;
				DEVELOPMENT_TEAM = TRART5678Z;
				GENERATE_INFOPLIST_FILE = YES;
				IPHONEOS_DEPLOYMENT_TARGET = 17.5;
				MARKETING_VERSION = 1.0;
				PRODUCT_BUNDLE_IDENTIFIER = "neelparpia.Next-ChatTests";
				PRODUCT_NAME = "$(TARGET_NAME)";
				SWIFT_EMIT_LOC_STRINGS = NO;
				SWIFT_VERSION = 5.0;
				TARGETED_DEVICE_FAMILY = "1,2";
				TEST_HOST = "$(BUILT_PRODUCTS_DIR)/Next Chat.app/$(BUNDLE_EXECUTABLE_FOLDER_PATH)/Next Chat";
			};
			name = Debug;
		};
		D6ADF94A2C34AFD0001DCE81 /* Release */ = {
			isa = XCBuildConfiguration;
			buildSettings = {
				ALWAYS_EMBED_SWIFT_STANDARD_LIBRARIES = YES;
				BUNDLE_LOADER = "$(TEST_HOST)";
				CODE_SIGN_STYLE = Automatic;
				CURRENT_PROJECT_VERSION = 1;
				DEVELOPMENT_TEAM = TRART5678Z;
				GENERATE_INFOPLIST_FILE = YES;
				IPHONEOS_DEPLOYMENT_TARGET = 17.5;
				MARKETING_VERSION = 1.0;
				PRODUCT_BUNDLE_IDENTIFIER = "neelparpia.Next-ChatTests";
				PRODUCT_NAME = "$(TARGET_NAME)";
				SWIFT_EMIT_LOC_STRINGS = NO;
				SWIFT_VERSION = 5.0;
				TARGETED_DEVICE_FAMILY = "1,2";
				TEST_HOST = "$(BUILT_PRODUCTS_DIR)/Next Chat.app/$(BUNDLE_EXECUTABLE_FOLDER_PATH)/Next Chat";
			};
			name = Release;
		};
		D6ADF94C2C34AFD0001DCE81 /* Debug */ = {
			isa = XCBuildConfiguration;
			buildSettings = {
				ALWAYS_EMBED_SWIFT_STANDARD_LIBRARIES = YES;
				CODE_SIGN_STYLE = Automatic;
				CURRENT_PROJECT_VERSION = 1;
				DEVELOPMENT_TEAM = TRART5678Z;
				GENERATE_INFOPLIST_FILE = YES;
				MARKETING_VERSION = 1.0;
				PRODUCT_BUNDLE_IDENTIFIER = "neelparpia.Next-ChatUITests";
				PRODUCT_NAME = "$(TARGET_NAME)";
				SWIFT_EMIT_LOC_STRINGS = NO;
				SWIFT_VERSION = 5.0;
				TARGETED_DEVICE_FAMILY = "1,2";
				TEST_TARGET_NAME = "Next Chat";
			};
			name = Debug;
		};
		D6ADF94D2C34AFD0001DCE81 /* Release */ = {
			isa = XCBuildConfiguration;
			buildSettings = {
				ALWAYS_EMBED_SWIFT_STANDARD_LIBRARIES = YES;
				CODE_SIGN_STYLE = Automatic;
				CURRENT_PROJECT_VERSION = 1;
				DEVELOPMENT_TEAM = TRART5678Z;
				GENERATE_INFOPLIST_FILE = YES;
				MARKETING_VERSION = 1.0;
				PRODUCT_BUNDLE_IDENTIFIER = "neelparpia.Next-ChatUITests";
				PRODUCT_NAME = "$(TARGET_NAME)";
				SWIFT_EMIT_LOC_STRINGS = NO;
				SWIFT_VERSION = 5.0;
				TARGETED_DEVICE_FAMILY = "1,2";
				TEST_TARGET_NAME = "Next Chat";
			};
			name = Release;
		};
/* End XCBuildConfiguration section */

/* Begin XCConfigurationList section */
		D6ADF91A2C34AFCF001DCE81 /* Build configuration list for PBXProject "Next Chat" */ = {
			isa = XCConfigurationList;
			buildConfigurations = (
				D6ADF9432C34AFD0001DCE81 /* Debug */,
				D6ADF9442C34AFD0001DCE81 /* Release */,
			);
			defaultConfigurationIsVisible = 0;
			defaultConfigurationName = Release;
		};
		D6ADF9452C34AFD0001DCE81 /* Build configuration list for PBXNativeTarget "Next Chat" */ = {
			isa = XCConfigurationList;
			buildConfigurations = (
				D6ADF9462C34AFD0001DCE81 /* Debug */,
				D6ADF9472C34AFD0001DCE81 /* Release */,
			);
			defaultConfigurationIsVisible = 0;
			defaultConfigurationName = Release;
		};
		D6ADF9482C34AFD0001DCE81 /* Build configuration list for PBXNativeTarget "Next ChatTests" */ = {
			isa = XCConfigurationList;
			buildConfigurations = (
				D6ADF9492C34AFD0001DCE81 /* Debug */,
				D6ADF94A2C34AFD0001DCE81 /* Release */,
			);
			defaultConfigurationIsVisible = 0;
			defaultConfigurationName = Release;
		};
		D6ADF94B2C34AFD0001DCE81 /* Build configuration list for PBXNativeTarget "Next ChatUITests" */ = {
			isa = XCConfigurationList;
			buildConfigurations = (
				D6ADF94C2C34AFD0001DCE81 /* Debug */,
				D6ADF94D2C34AFD0001DCE81 /* Release */,
			);
			defaultConfigurationIsVisible = 0;
			defaultConfigurationName = Release;
		};
/* End XCConfigurationList section */
	};
	rootObject = D6ADF9172C34AFCF001DCE81 /* Project object */;
}
